NeoBundleLock VimRepress b9a023e3278af779d0e9440391e0fca98d72b832
NeoBundleLock ctrlp.vim 58247bdf8550879e183c13860eefa03983959e4a
NeoBundleLock neobundle.vim 718ed6ea77a53d58e463e66cf541611e2fb90728
NeoBundleLock neocomplcache.vim 778181767467b8f8016828898779a646074d883a
NeoBundleLock neocomplete.vim d2a78075207b97c105041927a125e2cf0b2b0ca5
NeoBundleLock neosnippet-snippets 7bc1674170670a4c43f7f4fc65e0e396759512ea
NeoBundleLock neosnippet.vim 7c07c4d8a2228c77ae4d519c936811db662ecd4a
NeoBundleLock open-browser.vim e17535850b8096b79907df9059fb43c51448f038
NeoBundleLock previm b130f24277e3c6a5afa3984921516b0a83b31d28
NeoBundleLock slimv a14eb4abf7dfe0728dcfdc0fc706030f7a531370
NeoBundleLock unite.vim 23f9ad5b740442f5999bee1ca3fbc9fc44b3ef55
NeoBundleLock vim-clang-format d90af92d8877eac8f9baad1ba8821c092d30ec3b
NeoBundleLock vim-colorschemes 28a989b28457e38df620e4c7ab23e224aff70efe
NeoBundleLock vim-fugitive 0b43b51d7785aeb4002b45ca49cea5aef0d2e988
NeoBundleLock vim-markdown 8a709ef28a77629b11769c703c4864133d658947
NeoBundleLock vim-obsession ad1ef9a0db9a03463b005b488fd27cb735317394
NeoBundleLock vim-operator-user c3dfd41c1ed516b4b901c97562e644de62c367aa
NeoBundleLock vim-snippets e73c5b8036cc15ea1ecbc535574e977523bf46f4
NeoBundleLock vimproc.vim b9d63c9adeb3f40dc97a7ea0c571e4b046288df4
NeoBundleLock vimshell.vim a1f9a2010bea4b109341f1e2411a32839a8547b3
